// !$*UTF8*$!
{
	archiveVersion = 1;
	classes = {
	};
	objectVersion = 46;
	objects = {

/* Begin PBXBuildFile section */
		3DC9DA091DB5031B000A4F81 /* AppDelegate.swift in Sources */ = {isa = PBXBuildFile; fileRef = 3DC9DA081DB5031B000A4F81 /* AppDelegate.swift */; };
		3DC9DA0B1DB5031B000A4F81 /* ViewController.swift in Sources */ = {isa = PBXBuildFile; fileRef = 3DC9DA0A1DB5031B000A4F81 /* ViewController.swift */; };
		3DC9DA0E1DB5031B000A4F81 /* Main.storyboard in Resources */ = {isa = PBXBuildFile; fileRef = 3DC9DA0C1DB5031B000A4F81 /* Main.storyboard */; };
		3DC9DA101DB5031B000A4F81 /* Assets.xcassets in Resources */ = {isa = PBXBuildFile; fileRef = 3DC9DA0F1DB5031B000A4F81 /* Assets.xcassets */; };
		3DC9DA131DB5031B000A4F81 /* LaunchScreen.storyboard in Resources */ = {isa = PBXBuildFile; fileRef = 3DC9DA111DB5031B000A4F81 /* LaunchScreen.storyboard */; };
		3DC9DA1B1DB50342000A4F81 /* QRCodeHandler.swift in Sources */ = {isa = PBXBuildFile; fileRef = 3DC9DA1A1DB50342000A4F81 /* QRCodeHandler.swift */; };
		80357D455C0496D108D2508A /* Pods_QRCode_Decoder.framework in Frameworks */ = {isa = PBXBuildFile; fileRef = 0AF942B09A435C18291AFFB0 /* Pods_QRCode_Decoder.framework */; };
/* End PBXBuildFile section */

/* Begin PBXFileReference section */
		0AF942B09A435C18291AFFB0 /* Pods_QRCode_Decoder.framework */ = {isa = PBXFileReference; explicitFileType = wrapper.framework; includeInIndex = 0; path = Pods_QRCode_Decoder.framework; sourceTree = BUILT_PRODUCTS_DIR; };
		3DC9DA051DB5031B000A4F81 /* QRCode_Decoder.app */ = {isa = PBXFileReference; explicitFileType = wrapper.application; includeInIndex = 0; path = QRCode_Decoder.app; sourceTree = BUILT_PRODUCTS_DIR; };
		3DC9DA081DB5031B000A4F81 /* AppDelegate.swift */ = {isa = PBXFileReference; lastKnownFileType = sourcecode.swift; path = AppDelegate.swift; sourceTree = "<group>"; };
		3DC9DA0A1DB5031B000A4F81 /* ViewController.swift */ = {isa = PBXFileReference; lastKnownFileType = sourcecode.swift; path = ViewController.swift; sourceTree = "<group>"; };
		3DC9DA0D1DB5031B000A4F81 /* Base */ = {isa = PBXFileReference; lastKnownFileType = file.storyboard; name = Base; path = Base.lproj/Main.storyboard; sourceTree = "<group>"; };
		3DC9DA0F1DB5031B000A4F81 /* Assets.xcassets */ = {isa = PBXFileReference; lastKnownFileType = folder.assetcatalog; path = Assets.xcassets; sourceTree = "<group>"; };
		3DC9DA121DB5031B000A4F81 /* Base */ = {isa = PBXFileReference; lastKnownFileType = file.storyboard; name = Base; path = Base.lproj/LaunchScreen.storyboard; sourceTree = "<group>"; };
		3DC9DA141DB5031B000A4F81 /* Info.plist */ = {isa = PBXFileReference; lastKnownFileType = text.plist.xml; path = Info.plist; sourceTree = "<group>"; };
		3DC9DA1A1DB50342000A4F81 /* QRCodeHandler.swift */ = {isa = PBXFileReference; fileEncoding = 4; lastKnownFileType = sourcecode.swift; path = QRCodeHandler.swift; sourceTree = "<group>"; };
		444C1D244C7388344793792A /* Pods-QRCode_Decoder.release.xcconfig */ = {isa = PBXFileReference; includeInIndex = 1; lastKnownFileType = text.xcconfig; name = "Pods-QRCode_Decoder.release.xcconfig"; path = "Pods/Target Support Files/Pods-QRCode_Decoder/Pods-QRCode_Decoder.release.xcconfig"; sourceTree = "<group>"; };
		4AF0CFDB2A8CF83F0816FBE0 /* Pods-QRCode_Decoder.debug.xcconfig */ = {isa = PBXFileReference; includeInIndex = 1; lastKnownFileType = text.xcconfig; name = "Pods-QRCode_Decoder.debug.xcconfig"; path = "Pods/Target Support Files/Pods-QRCode_Decoder/Pods-QRCode_Decoder.debug.xcconfig"; sourceTree = "<group>"; };
/* End PBXFileReference section */

/* Begin PBXFrameworksBuildPhase section */
		3DC9DA021DB5031B000A4F81 /* Frameworks */ = {
			isa = PBXFrameworksBuildPhase;
			buildActionMask = 2147483647;
			files = (
				80357D455C0496D108D2508A /* Pods_QRCode_Decoder.framework in Frameworks */,
			);
			runOnlyForDeploymentPostprocessing = 0;
		};
/* End PBXFrameworksBuildPhase section */

/* Begin PBXGroup section */
		3DC9D9FC1DB5031B000A4F81 = {
			isa = PBXGroup;
			children = (
				3DC9DA071DB5031B000A4F81 /* QRCode_Decoder */,
				3DC9DA061DB5031B000A4F81 /* Products */,
				7A756B6DB6847E50C9A3A8F6 /* Pods */,
				A13AB75ECA6424D6BCF0D27D /* Frameworks */,
			);
			sourceTree = "<group>";
		};
		3DC9DA061DB5031B000A4F81 /* Products */ = {
			isa = PBXGroup;
			children = (
				3DC9DA051DB5031B000A4F81 /* QRCode_Decoder.app */,
			);
			name = Products;
			sourceTree = "<group>";
		};
		3DC9DA071DB5031B000A4F81 /* QRCode_Decoder */ = {
			isa = PBXGroup;
			children = (
				3DC9DA081DB5031B000A4F81 /* AppDelegate.swift */,
				3DC9DA0A1DB5031B000A4F81 /* ViewController.swift */,
				3DC9DA1A1DB50342000A4F81 /* QRCodeHandler.swift */,
				3DC9DA0C1DB5031B000A4F81 /* Main.storyboard */,
				3DC9DA0F1DB5031B000A4F81 /* Assets.xcassets */,
				3DC9DA111DB5031B000A4F81 /* LaunchScreen.storyboard */,
				3DC9DA141DB5031B000A4F81 /* Info.plist */,
			);
			path = QRCode_Decoder;
			sourceTree = "<group>";
		};
		7A756B6DB6847E50C9A3A8F6 /* Pods */ = {
			isa = PBXGroup;
			children = (
				4AF0CFDB2A8CF83F0816FBE0 /* Pods-QRCode_Decoder.debug.xcconfig */,
				444C1D244C7388344793792A /* Pods-QRCode_Decoder.release.xcconfig */,
			);
			name = Pods;
			sourceTree = "<group>";
		};
		A13AB75ECA6424D6BCF0D27D /* Frameworks */ = {
			isa = PBXGroup;
			children = (
				0AF942B09A435C18291AFFB0 /* Pods_QRCode_Decoder.framework */,
			);
			name = Frameworks;
			sourceTree = "<group>";
		};
/* End PBXGroup section */

/* Begin PBXNativeTarget section */
		3DC9DA041DB5031B000A4F81 /* QRCode_Decoder */ = {
			isa = PBXNativeTarget;
			buildConfigurationList = 3DC9DA171DB5031B000A4F81 /* Build configuration list for PBXNativeTarget "QRCode_Decoder" */;
			buildPhases = (
				FCE6C5DF4D0BE0935363F616 /* [CP] Check Pods Manifest.lock */,
				3DC9DA011DB5031B000A4F81 /* Sources */,
				3DC9DA021DB5031B000A4F81 /* Frameworks */,
				3DC9DA031DB5031B000A4F81 /* Resources */,
				422E6D6F629A7241EBBC7DFA /* [CP] Embed Pods Frameworks */,
				ECFA81EA2561CA475B8933F5 /* [CP] Copy Pods Resources */,
			);
			buildRules = (
			);
			dependencies = (
			);
			name = QRCode_Decoder;
			productName = QRCode_Decoder;
			productReference = 3DC9DA051DB5031B000A4F81 /* QRCode_Decoder.app */;
			productType = "com.apple.product-type.application";
		};
/* End PBXNativeTarget section */

/* Begin PBXProject section */
		3DC9D9FD1DB5031B000A4F81 /* Project object */ = {
			isa = PBXProject;
			attributes = {
				LastSwiftUpdateCheck = 0800;
				LastUpgradeCheck = 0800;
				ORGANIZATIONNAME = BinaryBoy;
				TargetAttributes = {
					3DC9DA041DB5031B000A4F81 = {
						CreatedOnToolsVersion = 8.0;
						DevelopmentTeam = LXW484D3N9;
						ProvisioningStyle = Automatic;
					};
				};
			};
			buildConfigurationList = 3DC9DA001DB5031B000A4F81 /* Build configuration list for PBXProject "QRCode_Decoder" */;
			compatibilityVersion = "Xcode 3.2";
			developmentRegion = English;
			hasScannedForEncodings = 0;
			knownRegions = (
				en,
				Base,
			);
			mainGroup = 3DC9D9FC1DB5031B000A4F81;
			productRefGroup = 3DC9DA061DB5031B000A4F81 /* Products */;
			projectDirPath = "";
			projectRoot = "";
			targets = (
				3DC9DA041DB5031B000A4F81 /* QRCode_Decoder */,
			);
		};
/* End PBXProject section */

/* Begin PBXResourcesBuildPhase section */
		3DC9DA031DB5031B000A4F81 /* Resources */ = {
			isa = PBXResourcesBuildPhase;
			buildActionMask = 2147483647;
			files = (
				3DC9DA131DB5031B000A4F81 /* LaunchScreen.storyboard in Resources */,
				3DC9DA101DB5031B000A4F81 /* Assets.xcassets in Resources */,
				3DC9DA0E1DB5031B000A4F81 /* Main.storyboard in Resources */,
			);
			runOnlyForDeploymentPostprocessing = 0;
		};
/* End PBXResourcesBuildPhase section */

/* Begin PBXShellScriptBuildPhase section */
		422E6D6F629A7241EBBC7DFA /* [CP] Embed Pods Frameworks */ = {
			isa = PBXShellScriptBuildPhase;
			buildActionMask = 2147483647;
			files = (
			);
			inputPaths = (
			);
			name = "[CP] Embed Pods Frameworks";
			outputPaths = (
			);
			runOnlyForDeploymentPostprocessing = 0;
			shellPath = /bin/sh;
			shellScript = "\"${SRCROOT}/Pods/Target Support Files/Pods-QRCode_Decoder/Pods-QRCode_Decoder-frameworks.sh\"\n";
			showEnvVarsInLog = 0;
		};
		ECFA81EA2561CA475B8933F5 /* [CP] Copy Pods Resources */ = {
			isa = PBXShellScriptBuildPhase;
			buildActionMask = 2147483647;
			files = (
			);
			inputPaths = (
			);
			name = "[CP] Copy Pods Resources";
			outputPaths = (
			);
			runOnlyForDeploymentPostprocessing = 0;
			shellPath = /bin/sh;
			shellScript = "\"${SRCROOT}/Pods/Target Support Files/Pods-QRCode_Decoder/Pods-QRCode_Decoder-resources.sh\"\n";
			showEnvVarsInLog = 0;
		};
		FCE6C5DF4D0BE0935363F616 /* [CP] Check Pods Manifest.lock */ = {
			isa = PBXShellScriptBuildPhase;
			buildActionMask = 2147483647;
			files = (
			);
			inputPaths = (
			);
			name = "[CP] Check Pods Manifest.lock";
			outputPaths = (
			);
			runOnlyForDeploymentPostprocessing = 0;
			shellPath = /bin/sh;
			shellScript = "diff \"${PODS_ROOT}/../Podfile.lock\" \"${PODS_ROOT}/Manifest.lock\" > /dev/null\nif [ $? != 0 ] ; then\n    # print error to STDERR\n    echo \"error: The sandbox is not in sync with the Podfile.lock. Run 'pod install' or update your CocoaPods installation.\" >&2\n    exit 1\nfi\n";
			showEnvVarsInLog = 0;
		};
/* End PBXShellScriptBuildPhase section */

/* Begin PBXSourcesBuildPhase section */
		3DC9DA011DB5031B000A4F81 /* Sources */ = {
			isa = PBXSourcesBuildPhase;
			buildActionMask = 2147483647;
			files = (
				3DC9DA1B1DB50342000A4F81 /* QRCodeHandler.swift in Sources */,
				3DC9DA0B1DB5031B000A4F81 /* ViewController.swift in Sources */,
				3DC9DA091DB5031B000A4F81 /* AppDelegate.swift in Sources */,
			);
			runOnlyForDeploymentPostprocessing = 0;
		};
/* End PBXSourcesBuildPhase section */

/* Begin PBXVariantGroup section */
		3DC9DA0C1DB5031B000A4F81 /* Main.storyboard */ = {
			isa = PBXVariantGroup;
			children = (
				3DC9DA0D1DB5031B000A4F81 /* Base */,
			);
			name = Main.storyboard;
			sourceTree = "<group>";
		};
		3DC9DA111DB5031B000A4F81 /* LaunchScreen.storyboard */ = {
			isa = PBXVariantGroup;
			children = (
				3DC9DA121DB5031B000A4F81 /* Base */,
			);
			name = LaunchScreen.storyboard;
			sourceTree = "<group>";
		};
/* End PBXVariantGroup section */

/* Begin XCBuildConfiguration section */
		3DC9DA151DB5031B000A4F81 /* Debug */ = {
			isa = XCBuildConfiguration;
			buildSettings = {
				ALWAYS_SEARCH_USER_PATHS = NO;
				CLANG_ANALYZER_NONNULL = YES;
				CLANG_CXX_LANGUAGE_STANDARD = "gnu++0x";
				CLANG_CXX_LIBRARY = "libc++";
				CLANG_ENABLE_MODULES = YES;
				CLANG_ENABLE_OBJC_ARC = YES;
				CLANG_WARN_BOOL_CONVERSION = YES;
				CLANG_WARN_CONSTANT_CONVERSION = YES;
				CLANG_WARN_DIRECT_OBJC_ISA_USAGE = YES_ERROR;
				CLANG_WARN_DOCUMENTATION_COMMENTS = YES;
				CLANG_WARN_EMPTY_BODY = YES;
				CLANG_WARN_ENUM_CONVERSION = YES;
				CLANG_WARN_INFINITE_RECURSION = YES;
				CLANG_WARN_INT_CONVERSION = YES;
				CLANG_WARN_OBJC_ROOT_CLASS = YES_ERROR;
				CLANG_WARN_SUSPICIOUS_MOVES = YES;
				CLANG_WARN_UNREACHABLE_CODE = YES;
				CLANG_WARN__DUPLICATE_METHOD_MATCH = YES;
				"CODE_SIGN_IDENTITY[sdk=iphoneos*]" = "iPhone Developer";
				COPY_PHASE_STRIP = NO;
				DEBUG_INFORMATION_FORMAT = dwarf;
				ENABLE_STRICT_OBJC_MSGSEND = YES;
				ENABLE_TESTABILITY = YES;
				GCC_C_LANGUAGE_STANDARD = gnu99;
				GCC_DYNAMIC_NO_PIC = NO;
				GCC_NO_COMMON_BLOCKS = YES;
				GCC_OPTIMIZATION_LEVEL = 0;
				GCC_PREPROCESSOR_DEFINITIONS = (
					"DEBUG=1",
					"$(inherited)",
				);
				GCC_WARN_64_TO_32_BIT_CONVERSION = YES;
				GCC_WARN_ABOUT_RETURN_TYPE = YES_ERROR;
				GCC_WARN_UNDECLARED_SELECTOR = YES;
				GCC_WARN_UNINITIALIZED_AUTOS = YES_AGGRESSIVE;
				GCC_WARN_UNUSED_FUNCTION = YES;
				GCC_WARN_UNUSED_VARIABLE = YES;
				IPHONEOS_DEPLOYMENT_TARGET = 10.0;
				MTL_ENABLE_DEBUG_INFO = YES;
				ONLY_ACTIVE_ARCH = YES;
				SDKROOT = iphoneos;
				SWIFT_ACTIVE_COMPILATION_CONDITIONS = DEBUG;
				SWIFT_OPTIMIZATION_LEVEL = "-Onone";
			};
			name = Debug;
		};
		3DC9DA161DB5031B000A4F81 /* Release */ = {
			isa = XCBuildConfiguration;
			buildSettings = {
				ALWAYS_SEARCH_USER_PATHS = NO;
				CLANG_ANALYZER_NONNULL = YES;
				CLANG_CXX_LANGUAGE_STANDARD = "gnu++0x";
				CLANG_CXX_LIBRARY = "libc++";
				CLANG_ENABLE_MODULES = YES;
				CLANG_ENABLE_OBJC_ARC = YES;
				CLANG_WARN_BOOL_CONVERSION = YES;
				CLANG_WARN_CONSTANT_CONVERSION = YES;
				CLANG_WARN_DIRECT_OBJC_ISA_USAGE = YES_ERROR;
				CLANG_WARN_DOCUMENTATION_COMMENTS = YES;
				CLANG_WARN_EMPTY_BODY = YES;
				CLANG_WARN_ENUM_CONVERSION = YES;
				CLANG_WARN_INFINITE_RECURSION = YES;
				CLANG_WARN_INT_CONVERSION = YES;
				CLANG_WARN_OBJC_ROOT_CLASS = YES_ERROR;
				CLANG_WARN_SUSPICIOUS_MOVES = YES;
				CLANG_WARN_UNREACHABLE_CODE = YES;
				CLANG_WARN__DUPLICATE_METHOD_MATCH = YES;
				"CODE_SIGN_IDENTITY[sdk=iphoneos*]" = "iPhone Developer";
				COPY_PHASE_STRIP = NO;
				DEBUG_INFORMATION_FORMAT = "dwarf-with-dsym";
				ENABLE_NS_ASSERTIONS = NO;
				ENABLE_STRICT_OBJC_MSGSEND = YES;
				GCC_C_LANGUAGE_STANDARD = gnu99;
				GCC_NO_COMMON_BLOCKS = YES;
				GCC_WARN_64_TO_32_BIT_CONVERSION = YES;
				GCC_WARN_ABOUT_RETURN_TYPE = YES_ERROR;
				GCC_WARN_UNDECLARED_SELECTOR = YES;
				GCC_WARN_UNINITIALIZED_AUTOS = YES_AGGRESSIVE;
				GCC_WARN_UNUSED_FUNCTION = YES;
				GCC_WARN_UNUSED_VARIABLE = YES;
				IPHONEOS_DEPLOYMENT_TARGET = 10.0;
				MTL_ENABLE_DEBUG_INFO = NO;
				SDKROOT = iphoneos;
				SWIFT_OPTIMIZATION_LEVEL = "-Owholemodule";
				VALIDATE_PRODUCT = YES;
			};
			name = Release;
		};
		3DC9DA181DB5031B000A4F81 /* Debug */ = {
			isa = XCBuildConfiguration;
			baseConfigurationReference = 4AF0CFDB2A8CF83F0816FBE0 /* Pods-QRCode_Decoder.debug.xcconfig */;
			buildSettings = {
				ASSETCATALOG_COMPILER_APPICON_NAME = AppIcon;
				DEVELOPMENT_TEAM = LXW484D3N9;
				INFOPLIST_FILE = QRCode_Decoder/Info.plist;
				LD_RUNPATH_SEARCH_PATHS = "$(inherited) @executable_path/Frameworks";
				PRODUCT_BUNDLE_IDENTIFIER = "dimo.hamdy.QRCode-Decoder";
				PRODUCT_NAME = "$(TARGET_NAME)";
				SWIFT_VERSION = 3.0;
			};
			name = Debug;
		};
		3DC9DA191DB5031B000A4F81 /* Release */ = {
			isa = XCBuildConfiguration;
			baseConfigurationReference = 444C1D244C7388344793792A /* Pods-QRCode_Decoder.release.xcconfig */;
			buildSettings = {
				ASSETCATALOG_COMPILER_APPICON_NAME = AppIcon;
				DEVELOPMENT_TEAM = LXW484D3N9;
				INFOPLIST_FILE = QRCode_Decoder/Info.plist;
				LD_RUNPATH_SEARCH_PATHS = "$(inherited) @executable_path/Frameworks";
				PRODUCT_BUNDLE_IDENTIFIER = "dimo.hamdy.QRCode-Decoder";
				PRODUCT_NAME = "$(TARGET_NAME)";
				SWIFT_VERSION = 3.0;
			};
			name = Release;
		};
/* End XCBuildConfiguration section */

/* Begin XCConfigurationList section */
		3DC9DA001DB5031B000A4F81 /* Build configuration list for PBXProject "QRCode_Decoder" */ = {
			isa = XCConfigurationList;
			buildConfigurations = (
				3DC9DA151DB5031B000A4F81 /* Debug */,
				3DC9DA161DB5031B000A4F81 /* Release */,
			);
			defaultConfigurationIsVisible = 0;
			defaultConfigurationName = Release;
		};
		3DC9DA171DB5031B000A4F81 /* Build configuration list for PBXNativeTarget "QRCode_Decoder" */ = {
			isa = XCConfigurationList;
			buildConfigurations = (
				3DC9DA181DB5031B000A4F81 /* Debug */,
				3DC9DA191DB5031B000A4F81 /* Release */,
			);
			defaultConfigurationIsVisible = 0;
			defaultConfigurationName = Release;
		};
/* End XCConfigurationList section */
	};
	rootObject = 3DC9D9FD1DB5031B000A4F81 /* Project object */;
}
